
Microsoft Visual Studio Solution File, Format Version 11.00
# Visual Studio 2010
Project("{FAE04EC0-301F-11D3-BF4B-00C04F79EFBC}") = "Scripto", "Assembly-CSharp.csproj", "{9A0BDDFF-B206-58D5-757A-BA4A8539C02D}"
EndProject
Project("{FAE04EC0-301F-11D3-BF4B-00C04F79EFBC}") = "Scripto", "Assembly-CSharp-Editor.csproj", "{65DA72BF-3CEE-F4A5-9842-176A6E9D069A}"
EndProject
Global
	GlobalSection(SolutionConfigurationPlatforms) = preSolution
		Debug|Any CPU = Debug|Any CPU
		Release|Any CPU = Release|Any CPU
	EndGlobalSection
	GlobalSection(ProjectConfigurationPlatforms) = postSolution
		{9A0BDDFF-B206-58D5-757A-BA4A8539C02D}.Debug|Any CPU.ActiveCfg = Debug|Any CPU
		{9A0BDDFF-B206-58D5-757A-BA4A8539C02D}.Debug|Any CPU.Build.0 = Debug|Any CPU
		{9A0BDDFF-B206-58D5-757A-BA4A8539C02D}.Release|Any CPU.ActiveCfg = Release|Any CPU
		{9A0BDDFF-B206-58D5-757A-BA4A8539C02D}.Release|Any CPU.Build.0 = Release|Any CPU
		{65DA72BF-3CEE-F4A5-9842-176A6E9D069A}.Debug|Any CPU.ActiveCfg = Debug|Any CPU
		{65DA72BF-3CEE-F4A5-9842-176A6E9D069A}.Debug|Any CPU.Build.0 = Debug|Any CPU
		{65DA72BF-3CEE-F4A5-9842-176A6E9D069A}.Release|Any CPU.ActiveCfg = Release|Any CPU
		{65DA72BF-3CEE-F4A5-9842-176A6E9D069A}.Release|Any CPU.Build.0 = Release|Any CPU
	EndGlobalSection
	GlobalSection(SolutionProperties) = preSolution
		HideSolutionNode = FALSE
	EndGlobalSection
	GlobalSection(MonoDevelopProperties) = preSolution
		StartupItem = Assembly-CSharp.csproj
	EndGlobalSection
EndGlobal
